
Microsoft Visual Studio Solution File, Format Version 12.00
# Visual Studio Version 17
VisualStudioVersion = 17.9.34607.119
MinimumVisualStudioVersion = 10.0.40219.1
Project("{FAE04EC0-301F-11D3-BF4B-00C04F79EFBC}") = "RhythmHaven.API", "RhythmHaven.API\RhythmHaven.API.csproj", "{1C1AB674-2714-4D39-AC64-10086D24C4A9}"
EndProject
Project("{FAE04EC0-301F-11D3-BF4B-00C04F79EFBC}") = "RhythmHaven.Service", "RhythmHaven.Service\RhythmHaven.Service.csproj", "{2C45C00A-240F-4829-A99D-82B39D8DFD7E}"
EndProject
Project("{FAE04EC0-301F-11D3-BF4B-00C04F79EFBC}") = "RhythmHaven.Repository", "RhythmHaven.Repository\RhythmHaven.Repository.csproj", "{2A2E9F5E-53F3-437E-A2D4-EDB235DD9F85}"
EndProject
Global
	GlobalSection(SolutionConfigurationPlatforms) = preSolution
		Debug|Any CPU = Debug|Any CPU
		Release|Any CPU = Release|Any CPU
	EndGlobalSection
	GlobalSection(ProjectConfigurationPlatforms) = postSolution
		{1C1AB674-2714-4D39-AC64-10086D24C4A9}.Debug|Any CPU.ActiveCfg = Debug|Any CPU
		{1C1AB674-2714-4D39-AC64-10086D24C4A9}.Debug|Any CPU.Build.0 = Debug|Any CPU
		{1C1AB674-2714-4D39-AC64-10086D24C4A9}.Release|Any CPU.ActiveCfg = Release|Any CPU
		{1C1AB674-2714-4D39-AC64-10086D24C4A9}.Release|Any CPU.Build.0 = Release|Any CPU
		{2C45C00A-240F-4829-A99D-82B39D8DFD7E}.Debug|Any CPU.ActiveCfg = Debug|Any CPU
		{2C45C00A-240F-4829-A99D-82B39D8DFD7E}.Debug|Any CPU.Build.0 = Debug|Any CPU
		{2C45C00A-240F-4829-A99D-82B39D8DFD7E}.Release|Any CPU.ActiveCfg = Release|Any CPU
		{2C45C00A-240F-4829-A99D-82B39D8DFD7E}.Release|Any CPU.Build.0 = Release|Any CPU
		{2A2E9F5E-53F3-437E-A2D4-EDB235DD9F85}.Debug|Any CPU.ActiveCfg = Debug|Any CPU
		{2A2E9F5E-53F3-437E-A2D4-EDB235DD9F85}.Debug|Any CPU.Build.0 = Debug|Any CPU
		{2A2E9F5E-53F3-437E-A2D4-EDB235DD9F85}.Release|Any CPU.ActiveCfg = Release|Any CPU
		{2A2E9F5E-53F3-437E-A2D4-EDB235DD9F85}.Release|Any CPU.Build.0 = Release|Any CPU
	EndGlobalSection
	GlobalSection(SolutionProperties) = preSolution
		HideSolutionNode = FALSE
	EndGlobalSection
	GlobalSection(ExtensibilityGlobals) = postSolution
		SolutionGuid = {8B49F046-DC28-4C7B-8D3C-F6F2643DABB1}
	EndGlobalSection
EndGlobal
